
Microsoft Visual Studio Solution File, Format Version 12.00
# Visual Studio Version 16
VisualStudioVersion = 16.0.30907.101
MinimumVisualStudioVersion = 10.0.40219.1
Project("{FAE04EC0-301F-11D3-BF4B-00C04F79EFBC}") = "NessFC", "NessFC\NessFC.csproj", "{05001A37-8566-49E2-AF4F-573D9DD91B11}"
EndProject
Global
	GlobalSection(SolutionConfigurationPlatforms) = preSolution
		Debug|Any CPU = Debug|Any CPU
		Release|Any CPU = Release|Any CPU
	EndGlobalSection
	GlobalSection(ProjectConfigurationPlatforms) = postSolution
		{05001A37-8566-49E2-AF4F-573D9DD91B11}.Debug|Any CPU.ActiveCfg = Debug|Any CPU
		{05001A37-8566-49E2-AF4F-573D9DD91B11}.Debug|Any CPU.Build.0 = Debug|Any CPU
		{05001A37-8566-49E2-AF4F-573D9DD91B11}.Release|Any CPU.ActiveCfg = Release|Any CPU
		{05001A37-8566-49E2-AF4F-573D9DD91B11}.Release|Any CPU.Build.0 = Release|Any CPU
	EndGlobalSection
	GlobalSection(SolutionProperties) = preSolution
		HideSolutionNode = FALSE
	EndGlobalSection
	GlobalSection(ExtensibilityGlobals) = postSolution
		SolutionGuid = {63EFD477-F0D7-4273-95A0-8F06FE809ADB}
	EndGlobalSection
EndGlobal
